// !$*UTF8*$!
{
	archiveVersion = 1;
	classes = {
	};
	objectVersion = 46;
	objects = {

/* Begin PBXBuildFile section */
		BC3133591B7AF100004AAC74 /* main.m in Sources */ = {isa = PBXBuildFile; fileRef = BC3133581B7AF100004AAC74 /* main.m */; };
		BC31335C1B7AF100004AAC74 /* AppDelegate.m in Sources */ = {isa = PBXBuildFile; fileRef = BC31335B1B7AF100004AAC74 /* AppDelegate.m */; };
		BC31335F1B7AF100004AAC74 /* _1_UIViewController.xcdatamodeld in Sources */ = {isa = PBXBuildFile; fileRef = BC31335D1B7AF100004AAC74 /* _1_UIViewController.xcdatamodeld */; };
		BC3133621B7AF100004AAC74 /* ViewController.m in Sources */ = {isa = PBXBuildFile; fileRef = BC3133611B7AF100004AAC74 /* ViewController.m */; };
		BC3133651B7AF100004AAC74 /* Main.storyboard in Resources */ = {isa = PBXBuildFile; fileRef = BC3133631B7AF100004AAC74 /* Main.storyboard */; };
		BC3133671B7AF100004AAC74 /* Images.xcassets in Resources */ = {isa = PBXBuildFile; fileRef = BC3133661B7AF100004AAC74 /* Images.xcassets */; };
		BC31336A1B7AF100004AAC74 /* LaunchScreen.xib in Resources */ = {isa = PBXBuildFile; fileRef = BC3133681B7AF100004AAC74 /* LaunchScreen.xib */; };
		BC3133761B7AF100004AAC74 /* _1_UIViewControllerTests.m in Sources */ = {isa = PBXBuildFile; fileRef = BC3133751B7AF100004AAC74 /* _1_UIViewControllerTests.m */; };
		BC3133801B7AF2BF004AAC74 /* test@2x.png in Resources */ = {isa = PBXBuildFile; fileRef = BC31337F1B7AF2BF004AAC74 /* test@2x.png */; };
/* End PBXBuildFile section */

/* Begin PBXContainerItemProxy section */
		BC3133701B7AF100004AAC74 /* PBXContainerItemProxy */ = {
			isa = PBXContainerItemProxy;
			containerPortal = BC31334B1B7AF100004AAC74 /* Project object */;
			proxyType = 1;
			remoteGlobalIDString = BC3133521B7AF100004AAC74;
			remoteInfo = 01_UIViewController;
		};
/* End PBXContainerItemProxy section */

/* Begin PBXFileReference section */
		BC3133531B7AF100004AAC74 /* 01_UIViewController.app */ = {isa = PBXFileReference; explicitFileType = wrapper.application; includeInIndex = 0; path = 01_UIViewController.app; sourceTree = BUILT_PRODUCTS_DIR; };
		BC3133571B7AF100004AAC74 /* Info.plist */ = {isa = PBXFileReference; lastKnownFileType = text.plist.xml; path = Info.plist; sourceTree = "<group>"; };
		BC3133581B7AF100004AAC74 /* main.m */ = {isa = PBXFileReference; lastKnownFileType = sourcecode.c.objc; path = main.m; sourceTree = "<group>"; };
		BC31335A1B7AF100004AAC74 /* AppDelegate.h */ = {isa = PBXFileReference; lastKnownFileType = sourcecode.c.h; path = AppDelegate.h; sourceTree = "<group>"; };
		BC31335B1B7AF100004AAC74 /* AppDelegate.m */ = {isa = PBXFileReference; lastKnownFileType = sourcecode.c.objc; path = AppDelegate.m; sourceTree = "<group>"; };
		BC31335E1B7AF100004AAC74 /* _1_UIViewController.xcdatamodel */ = {isa = PBXFileReference; lastKnownFileType = wrapper.xcdatamodel; path = _1_UIViewController.xcdatamodel; sourceTree = "<group>"; };
		BC3133601B7AF100004AAC74 /* ViewController.h */ = {isa = PBXFileReference; lastKnownFileType = sourcecode.c.h; path = ViewController.h; sourceTree = "<group>"; };
		BC3133611B7AF100004AAC74 /* ViewController.m */ = {isa = PBXFileReference; lastKnownFileType = sourcecode.c.objc; path = ViewController.m; sourceTree = "<group>"; };
		BC3133641B7AF100004AAC74 /* Base */ = {isa = PBXFileReference; lastKnownFileType = file.storyboard; name = Base; path = Base.lproj/Main.storyboard; sourceTree = "<group>"; };
		BC3133661B7AF100004AAC74 /* Images.xcassets */ = {isa = PBXFileReference; lastKnownFileType = folder.assetcatalog; path = Images.xcassets; sourceTree = "<group>"; };
		BC3133691B7AF100004AAC74 /* Base */ = {isa = PBXFileReference; lastKnownFileType = file.xib; name = Base; path = Base.lproj/LaunchScreen.xib; sourceTree = "<group>"; };
		BC31336F1B7AF100004AAC74 /* 01_UIViewControllerTests.xctest */ = {isa = PBXFileReference; explicitFileType = wrapper.cfbundle; includeInIndex = 0; path = 01_UIViewControllerTests.xctest; sourceTree = BUILT_PRODUCTS_DIR; };
		BC3133741B7AF100004AAC74 /* Info.plist */ = {isa = PBXFileReference; lastKnownFileType = text.plist.xml; path = Info.plist; sourceTree = "<group>"; };
		BC3133751B7AF100004AAC74 /* _1_UIViewControllerTests.m */ = {isa = PBXFileReference; lastKnownFileType = sourcecode.c.objc; path = _1_UIViewControllerTests.m; sourceTree = "<group>"; };
		BC31337F1B7AF2BF004AAC74 /* test@2x.png */ = {isa = PBXFileReference; lastKnownFileType = image.png; path = "test@2x.png"; sourceTree = "<group>"; };
/* End PBXFileReference section */

/* Begin PBXFrameworksBuildPhase section */
		BC3133501B7AF100004AAC74 /* Frameworks */ = {
			isa = PBXFrameworksBuildPhase;
			buildActionMask = 2147483647;
			files = (
			);
			runOnlyForDeploymentPostprocessing = 0;
		};
		BC31336C1B7AF100004AAC74 /* Frameworks */ = {
			isa = PBXFrameworksBuildPhase;
			buildActionMask = 2147483647;
			files = (
			);
			runOnlyForDeploymentPostprocessing = 0;
		};
/* End PBXFrameworksBuildPhase section */

/* Begin PBXGroup section */
		BC31334A1B7AF100004AAC74 = {
			isa = PBXGroup;
			children = (
				BC31337F1B7AF2BF004AAC74 /* test@2x.png */,
				BC3133551B7AF100004AAC74 /* 01_UIViewController */,
				BC3133721B7AF100004AAC74 /* 01_UIViewControllerTests */,
				BC3133541B7AF100004AAC74 /* Products */,
			);
			sourceTree = "<group>";
		};
		BC3133541B7AF100004AAC74 /* Products */ = {
			isa = PBXGroup;
			children = (
				BC3133531B7AF100004AAC74 /* 01_UIViewController.app */,
				BC31336F1B7AF100004AAC74 /* 01_UIViewControllerTests.xctest */,
			);
			name = Products;
			sourceTree = "<group>";
		};
		BC3133551B7AF100004AAC74 /* 01_UIViewController */ = {
			isa = PBXGroup;
			children = (
				BC31335A1B7AF100004AAC74 /* AppDelegate.h */,
				BC31335B1B7AF100004AAC74 /* AppDelegate.m */,
				BC3133601B7AF100004AAC74 /* ViewController.h */,
				BC3133611B7AF100004AAC74 /* ViewController.m */,
				BC3133631B7AF100004AAC74 /* Main.storyboard */,
				BC3133661B7AF100004AAC74 /* Images.xcassets */,
				BC3133681B7AF100004AAC74 /* LaunchScreen.xib */,
				BC31335D1B7AF100004AAC74 /* _1_UIViewController.xcdatamodeld */,
				BC3133561B7AF100004AAC74 /* Supporting Files */,
			);
			path = 01_UIViewController;
			sourceTree = "<group>";
		};
		BC3133561B7AF100004AAC74 /* Supporting Files */ = {
			isa = PBXGroup;
			children = (
				BC3133571B7AF100004AAC74 /* Info.plist */,
				BC3133581B7AF100004AAC74 /* main.m */,
			);
			name = "Supporting Files";
			sourceTree = "<group>";
		};
		BC3133721B7AF100004AAC74 /* 01_UIViewControllerTests */ = {
			isa = PBXGroup;
			children = (
				BC3133751B7AF100004AAC74 /* _1_UIViewControllerTests.m */,
				BC3133731B7AF100004AAC74 /* Supporting Files */,
			);
			path = 01_UIViewControllerTests;
			sourceTree = "<group>";
		};
		BC3133731B7AF100004AAC74 /* Supporting Files */ = {
			isa = PBXGroup;
			children = (
				BC3133741B7AF100004AAC74 /* Info.plist */,
			);
			name = "Supporting Files";
			sourceTree = "<group>";
		};
/* End PBXGroup section */

/* Begin PBXNativeTarget section */
		BC3133521B7AF100004AAC74 /* 01_UIViewController */ = {
			isa = PBXNativeTarget;
			buildConfigurationList = BC3133791B7AF100004AAC74 /* Build configuration list for PBXNativeTarget "01_UIViewController" */;
			buildPhases = (
				BC31334F1B7AF100004AAC74 /* Sources */,
				BC3133501B7AF100004AAC74 /* Frameworks */,
				BC3133511B7AF100004AAC74 /* Resources */,
			);
			buildRules = (
			);
			dependencies = (
			);
			name = 01_UIViewController;
			productName = 01_UIViewController;
			productReference = BC3133531B7AF100004AAC74 /* 01_UIViewController.app */;
			productType = "com.apple.product-type.application";
		};
		BC31336E1B7AF100004AAC74 /* 01_UIViewControllerTests */ = {
			isa = PBXNativeTarget;
			buildConfigurationList = BC31337C1B7AF100004AAC74 /* Build configuration list for PBXNativeTarget "01_UIViewControllerTests" */;
			buildPhases = (
				BC31336B1B7AF100004AAC74 /* Sources */,
				BC31336C1B7AF100004AAC74 /* Frameworks */,
				BC31336D1B7AF100004AAC74 /* Resources */,
			);
			buildRules = (
			);
			dependencies = (
				BC3133711B7AF100004AAC74 /* PBXTargetDependency */,
			);
			name = 01_UIViewControllerTests;
			productName = 01_UIViewControllerTests;
			productReference = BC31336F1B7AF100004AAC74 /* 01_UIViewControllerTests.xctest */;
			productType = "com.apple.product-type.bundle.unit-test";
		};
/* End PBXNativeTarget section */

/* Begin PBXProject section */
		BC31334B1B7AF100004AAC74 /* Project object */ = {
			isa = PBXProject;
			attributes = {
				LastUpgradeCheck = 0630;
				ORGANIZATIONNAME = ZW;
				TargetAttributes = {
					BC3133521B7AF100004AAC74 = {
						CreatedOnToolsVersion = 6.3;
					};
					BC31336E1B7AF100004AAC74 = {
						CreatedOnToolsVersion = 6.3;
						TestTargetID = BC3133521B7AF100004AAC74;
					};
				};
			};
			buildConfigurationList = BC31334E1B7AF100004AAC74 /* Build configuration list for PBXProject "01_UIViewController" */;
			compatibilityVersion = "Xcode 3.2";
			developmentRegion = English;
			hasScannedForEncodings = 0;
			knownRegions = (
				en,
				Base,
			);
			mainGroup = BC31334A1B7AF100004AAC74;
			productRefGroup = BC3133541B7AF100004AAC74 /* Products */;
			projectDirPath = "";
			projectRoot = "";
			targets = (
				BC3133521B7AF100004AAC74 /* 01_UIViewController */,
				BC31336E1B7AF100004AAC74 /* 01_UIViewControllerTests */,
			);
		};
/* End PBXProject section */

/* Begin PBXResourcesBuildPhase section */
		BC3133511B7AF100004AAC74 /* Resources */ = {
			isa = PBXResourcesBuildPhase;
			buildActionMask = 2147483647;
			files = (
				BC3133651B7AF100004AAC74 /* Main.storyboard in Resources */,
				BC3133801B7AF2BF004AAC74 /* test@2x.png in Resources */,
				BC31336A1B7AF100004AAC74 /* LaunchScreen.xib in Resources */,
				BC3133671B7AF100004AAC74 /* Images.xcassets in Resources */,
			);
			runOnlyForDeploymentPostprocessing = 0;
		};
		BC31336D1B7AF100004AAC74 /* Resources */ = {
			isa = PBXResourcesBuildPhase;
			buildActionMask = 2147483647;
			files = (
			);
			runOnlyForDeploymentPostprocessing = 0;
		};
/* End PBXResourcesBuildPhase section */

/* Begin PBXSourcesBuildPhase section */
		BC31334F1B7AF100004AAC74 /* Sources */ = {
			isa = PBXSourcesBuildPhase;
			buildActionMask = 2147483647;
			files = (
				BC31335F1B7AF100004AAC74 /* _1_UIViewController.xcdatamodeld in Sources */,
				BC31335C1B7AF100004AAC74 /* AppDelegate.m in Sources */,
				BC3133621B7AF100004AAC74 /* ViewController.m in Sources */,
				BC3133591B7AF100004AAC74 /* main.m in Sources */,
			);
			runOnlyForDeploymentPostprocessing = 0;
		};
		BC31336B1B7AF100004AAC74 /* Sources */ = {
			isa = PBXSourcesBuildPhase;
			buildActionMask = 2147483647;
			files = (
				BC3133761B7AF100004AAC74 /* _1_UIViewControllerTests.m in Sources */,
			);
			runOnlyForDeploymentPostprocessing = 0;
		};
/* End PBXSourcesBuildPhase section */

/* Begin PBXTargetDependency section */
		BC3133711B7AF100004AAC74 /* PBXTargetDependency */ = {
			isa = PBXTargetDependency;
			target = BC3133521B7AF100004AAC74 /* 01_UIViewController */;
			targetProxy = BC3133701B7AF100004AAC74 /* PBXContainerItemProxy */;
		};
/* End PBXTargetDependency section */

/* Begin PBXVariantGroup section */
		BC3133631B7AF100004AAC74 /* Main.storyboard */ = {
			isa = PBXVariantGroup;
			children = (
				BC3133641B7AF100004AAC74 /* Base */,
			);
			name = Main.storyboard;
			sourceTree = "<group>";
		};
		BC3133681B7AF100004AAC74 /* LaunchScreen.xib */ = {
			isa = PBXVariantGroup;
			children = (
				BC3133691B7AF100004AAC74 /* Base */,
			);
			name = LaunchScreen.xib;
			sourceTree = "<group>";
		};
/* End PBXVariantGroup section */

/* Begin XCBuildConfiguration section */
		BC3133771B7AF100004AAC74 /* Debug */ = {
			isa = XCBuildConfiguration;
			buildSettings = {
				ALWAYS_SEARCH_USER_PATHS = NO;
				CLANG_CXX_LANGUAGE_STANDARD = "gnu++0x";
				CLANG_CXX_LIBRARY = "libc++";
				CLANG_ENABLE_MODULES = YES;
				CLANG_ENABLE_OBJC_ARC = YES;
				CLANG_WARN_BOOL_CONVERSION = YES;
				CLANG_WARN_CONSTANT_CONVERSION = YES;
				CLANG_WARN_DIRECT_OBJC_ISA_USAGE = YES_ERROR;
				CLANG_WARN_EMPTY_BODY = YES;
				CLANG_WARN_ENUM_CONVERSION = YES;
				CLANG_WARN_INT_CONVERSION = YES;
				CLANG_WARN_OBJC_ROOT_CLASS = YES_ERROR;
				CLANG_WARN_UNREACHABLE_CODE = YES;
				CLANG_WARN__DUPLICATE_METHOD_MATCH = YES;
				"CODE_SIGN_IDENTITY[sdk=iphoneos*]" = "iPhone Developer";
				COPY_PHASE_STRIP = NO;
				DEBUG_INFORMATION_FORMAT = "dwarf-with-dsym";
				ENABLE_STRICT_OBJC_MSGSEND = YES;
				GCC_C_LANGUAGE_STANDARD = gnu99;
				GCC_DYNAMIC_NO_PIC = NO;
				GCC_NO_COMMON_BLOCKS = YES;
				GCC_OPTIMIZATION_LEVEL = 0;
				GCC_PREPROCESSOR_DEFINITIONS = (
					"DEBUG=1",
					"$(inherited)",
				);
				GCC_SYMBOLS_PRIVATE_EXTERN = NO;
				GCC_WARN_64_TO_32_BIT_CONVERSION = YES;
				GCC_WARN_ABOUT_RETURN_TYPE = YES_ERROR;
				GCC_WARN_UNDECLARED_SELECTOR = YES;
				GCC_WARN_UNINITIALIZED_AUTOS = YES_AGGRESSIVE;
				GCC_WARN_UNUSED_FUNCTION = YES;
				GCC_WARN_UNUSED_VARIABLE = YES;
				IPHONEOS_DEPLOYMENT_TARGET = 8.3;
				MTL_ENABLE_DEBUG_INFO = YES;
				ONLY_ACTIVE_ARCH = YES;
				SDKROOT = iphoneos;
			};
			name = Debug;
		};
		BC3133781B7AF100004AAC74 /* Release */ = {
			isa = XCBuildConfiguration;
			buildSettings = {
				ALWAYS_SEARCH_USER_PATHS = NO;
				CLANG_CXX_LANGUAGE_STANDARD = "gnu++0x";
				CLANG_CXX_LIBRARY = "libc++";
				CLANG_ENABLE_MODULES = YES;
				CLANG_ENABLE_OBJC_ARC = YES;
				CLANG_WARN_BOOL_CONVERSION = YES;
				CLANG_WARN_CONSTANT_CONVERSION = YES;
				CLANG_WARN_DIRECT_OBJC_ISA_USAGE = YES_ERROR;
				CLANG_WARN_EMPTY_BODY = YES;
				CLANG_WARN_ENUM_CONVERSION = YES;
				CLANG_WARN_INT_CONVERSION = YES;
				CLANG_WARN_OBJC_ROOT_CLASS = YES_ERROR;
				CLANG_WARN_UNREACHABLE_CODE = YES;
				CLANG_WARN__DUPLICATE_METHOD_MATCH = YES;
				"CODE_SIGN_IDENTITY[sdk=iphoneos*]" = "iPhone Developer";
				COPY_PHASE_STRIP = NO;
				DEBUG_INFORMATION_FORMAT = "dwarf-with-dsym";
				ENABLE_NS_ASSERTIONS = NO;
				ENABLE_STRICT_OBJC_MSGSEND = YES;
				GCC_C_LANGUAGE_STANDARD = gnu99;
				GCC_NO_COMMON_BLOCKS = YES;
				GCC_WARN_64_TO_32_BIT_CONVERSION = YES;
				GCC_WARN_ABOUT_RETURN_TYPE = YES_ERROR;
				GCC_WARN_UNDECLARED_SELECTOR = YES;
				GCC_WARN_UNINITIALIZED_AUTOS = YES_AGGRESSIVE;
				GCC_WARN_UNUSED_FUNCTION = YES;
				GCC_WARN_UNUSED_VARIABLE = YES;
				IPHONEOS_DEPLOYMENT_TARGET = 8.3;
				MTL_ENABLE_DEBUG_INFO = NO;
				SDKROOT = iphoneos;
				VALIDATE_PRODUCT = YES;
			};
			name = Release;
		};
		BC31337A1B7AF100004AAC74 /* Debug */ = {
			isa = XCBuildConfiguration;
			buildSettings = {
				ASSETCATALOG_COMPILER_APPICON_NAME = AppIcon;
				INFOPLIST_FILE = 01_UIViewController/Info.plist;
				LD_RUNPATH_SEARCH_PATHS = "$(inherited) @executable_path/Frameworks";
				PRODUCT_NAME = "$(TARGET_NAME)";
			};
			name = Debug;
		};
		BC31337B1B7AF100004AAC74 /* Release */ = {
			isa = XCBuildConfiguration;
			buildSettings = {
				ASSETCATALOG_COMPILER_APPICON_NAME = AppIcon;
				INFOPLIST_FILE = 01_UIViewController/Info.plist;
				LD_RUNPATH_SEARCH_PATHS = "$(inherited) @executable_path/Frameworks";
				PRODUCT_NAME = "$(TARGET_NAME)";
			};
			name = Release;
		};
		BC31337D1B7AF100004AAC74 /* Debug */ = {
			isa = XCBuildConfiguration;
			buildSettings = {
				BUNDLE_LOADER = "$(TEST_HOST)";
				FRAMEWORK_SEARCH_PATHS = (
					"$(SDKROOT)/Developer/Library/Frameworks",
					"$(inherited)",
				);
				GCC_PREPROCESSOR_DEFINITIONS = (
					"DEBUG=1",
					"$(inherited)",
				);
				INFOPLIST_FILE = 01_UIViewControllerTests/Info.plist;
				LD_RUNPATH_SEARCH_PATHS = "$(inherited) @executable_path/Frameworks @loader_path/Frameworks";
				PRODUCT_NAME = "$(TARGET_NAME)";
				TEST_HOST = "$(BUILT_PRODUCTS_DIR)/01_UIViewController.app/01_UIViewController";
			};
			name = Debug;
		};
		BC31337E1B7AF100004AAC74 /* Release */ = {
			isa = XCBuildConfiguration;
			buildSettings = {
				BUNDLE_LOADER = "$(TEST_HOST)";
				FRAMEWORK_SEARCH_PATHS = (
					"$(SDKROOT)/Developer/Library/Frameworks",
					"$(inherited)",
				);
				INFOPLIST_FILE = 01_UIViewControllerTests/Info.plist;
				LD_RUNPATH_SEARCH_PATHS = "$(inherited) @executable_path/Frameworks @loader_path/Frameworks";
				PRODUCT_NAME = "$(TARGET_NAME)";
				TEST_HOST = "$(BUILT_PRODUCTS_DIR)/01_UIViewController.app/01_UIViewController";
			};
			name = Release;
		};
/* End XCBuildConfiguration section */

/* Begin XCConfigurationList section */
		BC31334E1B7AF100004AAC74 /* Build configuration list for PBXProject "01_UIViewController" */ = {
			isa = XCConfigurationList;
			buildConfigurations = (
				BC3133771B7AF100004AAC74 /* Debug */,
				BC3133781B7AF100004AAC74 /* Release */,
			);
			defaultConfigurationIsVisible = 0;
			defaultConfigurationName = Release;
		};
		BC3133791B7AF100004AAC74 /* Build configuration list for PBXNativeTarget "01_UIViewController" */ = {
			isa = XCConfigurationList;
			buildConfigurations = (
				BC31337A1B7AF100004AAC74 /* Debug */,
				BC31337B1B7AF100004AAC74 /* Release */,
			);
			defaultConfigurationIsVisible = 0;
		};
		BC31337C1B7AF100004AAC74 /* Build configuration list for PBXNativeTarget "01_UIViewControllerTests" */ = {
			isa = XCConfigurationList;
			buildConfigurations = (
				BC31337D1B7AF100004AAC74 /* Debug */,
				BC31337E1B7AF100004AAC74 /* Release */,
			);
			defaultConfigurationIsVisible = 0;
		};
/* End XCConfigurationList section */

/* Begin XCVersionGroup section */
		BC31335D1B7AF100004AAC74 /* _1_UIViewController.xcdatamodeld */ = {
			isa = XCVersionGroup;
			children = (
				BC31335E1B7AF100004AAC74 /* _1_UIViewController.xcdatamodel */,
			);
			currentVersion = BC31335E1B7AF100004AAC74 /* _1_UIViewController.xcdatamodel */;
			path = _1_UIViewController.xcdatamodeld;
			sourceTree = "<group>";
			versionGroupType = wrapper.xcdatamodel;
		};
/* End XCVersionGroup section */
	};
	rootObject = BC31334B1B7AF100004AAC74 /* Project object */;
}
