// !$*UTF8*$!
{
	archiveVersion = 1;
	classes = {
	};
	objectVersion = 46;
	objects = {

/* Begin PBXBuildFile section */
		BC6938FB1B7A0F6B00A7F528 /* main.m in Sources */ = {isa = PBXBuildFile; fileRef = BC6938FA1B7A0F6B00A7F528 /* main.m */; };
		BC6938FE1B7A0F6B00A7F528 /* AppDelegate.m in Sources */ = {isa = PBXBuildFile; fileRef = BC6938FD1B7A0F6B00A7F528 /* AppDelegate.m */; };
		BC6939011B7A0F6B00A7F528 /* HomeWork.xcdatamodeld in Sources */ = {isa = PBXBuildFile; fileRef = BC6938FF1B7A0F6B00A7F528 /* HomeWork.xcdatamodeld */; };
		BC6939041B7A0F6B00A7F528 /* ViewController.m in Sources */ = {isa = PBXBuildFile; fileRef = BC6939031B7A0F6B00A7F528 /* ViewController.m */; };
		BC6939071B7A0F6B00A7F528 /* Main.storyboard in Resources */ = {isa = PBXBuildFile; fileRef = BC6939051B7A0F6B00A7F528 /* Main.storyboard */; };
		BC6939091B7A0F6B00A7F528 /* Images.xcassets in Resources */ = {isa = PBXBuildFile; fileRef = BC6939081B7A0F6B00A7F528 /* Images.xcassets */; };
		BC69390C1B7A0F6B00A7F528 /* LaunchScreen.xib in Resources */ = {isa = PBXBuildFile; fileRef = BC69390A1B7A0F6B00A7F528 /* LaunchScreen.xib */; };
		BC6939181B7A0F6B00A7F528 /* HomeWorkTests.m in Sources */ = {isa = PBXBuildFile; fileRef = BC6939171B7A0F6B00A7F528 /* HomeWorkTests.m */; };
/* End PBXBuildFile section */

/* Begin PBXContainerItemProxy section */
		BC6939121B7A0F6B00A7F528 /* PBXContainerItemProxy */ = {
			isa = PBXContainerItemProxy;
			containerPortal = BC6938ED1B7A0F6B00A7F528 /* Project object */;
			proxyType = 1;
			remoteGlobalIDString = BC6938F41B7A0F6B00A7F528;
			remoteInfo = HomeWork;
		};
/* End PBXContainerItemProxy section */

/* Begin PBXFileReference section */
		BC6938F51B7A0F6B00A7F528 /* HomeWork.app */ = {isa = PBXFileReference; explicitFileType = wrapper.application; includeInIndex = 0; path = HomeWork.app; sourceTree = BUILT_PRODUCTS_DIR; };
		BC6938F91B7A0F6B00A7F528 /* Info.plist */ = {isa = PBXFileReference; lastKnownFileType = text.plist.xml; path = Info.plist; sourceTree = "<group>"; };
		BC6938FA1B7A0F6B00A7F528 /* main.m */ = {isa = PBXFileReference; lastKnownFileType = sourcecode.c.objc; path = main.m; sourceTree = "<group>"; };
		BC6938FC1B7A0F6B00A7F528 /* AppDelegate.h */ = {isa = PBXFileReference; lastKnownFileType = sourcecode.c.h; path = AppDelegate.h; sourceTree = "<group>"; };
		BC6938FD1B7A0F6B00A7F528 /* AppDelegate.m */ = {isa = PBXFileReference; lastKnownFileType = sourcecode.c.objc; path = AppDelegate.m; sourceTree = "<group>"; };
		BC6939001B7A0F6B00A7F528 /* HomeWork.xcdatamodel */ = {isa = PBXFileReference; lastKnownFileType = wrapper.xcdatamodel; path = HomeWork.xcdatamodel; sourceTree = "<group>"; };
		BC6939021B7A0F6B00A7F528 /* ViewController.h */ = {isa = PBXFileReference; lastKnownFileType = sourcecode.c.h; path = ViewController.h; sourceTree = "<group>"; };
		BC6939031B7A0F6B00A7F528 /* ViewController.m */ = {isa = PBXFileReference; lastKnownFileType = sourcecode.c.objc; path = ViewController.m; sourceTree = "<group>"; };
		BC6939061B7A0F6B00A7F528 /* Base */ = {isa = PBXFileReference; lastKnownFileType = file.storyboard; name = Base; path = Base.lproj/Main.storyboard; sourceTree = "<group>"; };
		BC6939081B7A0F6B00A7F528 /* Images.xcassets */ = {isa = PBXFileReference; lastKnownFileType = folder.assetcatalog; path = Images.xcassets; sourceTree = "<group>"; };
		BC69390B1B7A0F6B00A7F528 /* Base */ = {isa = PBXFileReference; lastKnownFileType = file.xib; name = Base; path = Base.lproj/LaunchScreen.xib; sourceTree = "<group>"; };
		BC6939111B7A0F6B00A7F528 /* HomeWorkTests.xctest */ = {isa = PBXFileReference; explicitFileType = wrapper.cfbundle; includeInIndex = 0; path = HomeWorkTests.xctest; sourceTree = BUILT_PRODUCTS_DIR; };
		BC6939161B7A0F6B00A7F528 /* Info.plist */ = {isa = PBXFileReference; lastKnownFileType = text.plist.xml; path = Info.plist; sourceTree = "<group>"; };
		BC6939171B7A0F6B00A7F528 /* HomeWorkTests.m */ = {isa = PBXFileReference; lastKnownFileType = sourcecode.c.objc; path = HomeWorkTests.m; sourceTree = "<group>"; };
/* End PBXFileReference section */

/* Begin PBXFrameworksBuildPhase section */
		BC6938F21B7A0F6B00A7F528 /* Frameworks */ = {
			isa = PBXFrameworksBuildPhase;
			buildActionMask = 2147483647;
			files = (
			);
			runOnlyForDeploymentPostprocessing = 0;
		};
		BC69390E1B7A0F6B00A7F528 /* Frameworks */ = {
			isa = PBXFrameworksBuildPhase;
			buildActionMask = 2147483647;
			files = (
			);
			runOnlyForDeploymentPostprocessing = 0;
		};
/* End PBXFrameworksBuildPhase section */

/* Begin PBXGroup section */
		BC6938EC1B7A0F6B00A7F528 = {
			isa = PBXGroup;
			children = (
				BC6938F71B7A0F6B00A7F528 /* HomeWork */,
				BC6939141B7A0F6B00A7F528 /* HomeWorkTests */,
				BC6938F61B7A0F6B00A7F528 /* Products */,
			);
			sourceTree = "<group>";
		};
		BC6938F61B7A0F6B00A7F528 /* Products */ = {
			isa = PBXGroup;
			children = (
				BC6938F51B7A0F6B00A7F528 /* HomeWork.app */,
				BC6939111B7A0F6B00A7F528 /* HomeWorkTests.xctest */,
			);
			name = Products;
			sourceTree = "<group>";
		};
		BC6938F71B7A0F6B00A7F528 /* HomeWork */ = {
			isa = PBXGroup;
			children = (
				BC6938FC1B7A0F6B00A7F528 /* AppDelegate.h */,
				BC6938FD1B7A0F6B00A7F528 /* AppDelegate.m */,
				BC6939021B7A0F6B00A7F528 /* ViewController.h */,
				BC6939031B7A0F6B00A7F528 /* ViewController.m */,
				BC6939051B7A0F6B00A7F528 /* Main.storyboard */,
				BC6939081B7A0F6B00A7F528 /* Images.xcassets */,
				BC69390A1B7A0F6B00A7F528 /* LaunchScreen.xib */,
				BC6938FF1B7A0F6B00A7F528 /* HomeWork.xcdatamodeld */,
				BC6938F81B7A0F6B00A7F528 /* Supporting Files */,
			);
			path = HomeWork;
			sourceTree = "<group>";
		};
		BC6938F81B7A0F6B00A7F528 /* Supporting Files */ = {
			isa = PBXGroup;
			children = (
				BC6938F91B7A0F6B00A7F528 /* Info.plist */,
				BC6938FA1B7A0F6B00A7F528 /* main.m */,
			);
			name = "Supporting Files";
			sourceTree = "<group>";
		};
		BC6939141B7A0F6B00A7F528 /* HomeWorkTests */ = {
			isa = PBXGroup;
			children = (
				BC6939171B7A0F6B00A7F528 /* HomeWorkTests.m */,
				BC6939151B7A0F6B00A7F528 /* Supporting Files */,
			);
			path = HomeWorkTests;
			sourceTree = "<group>";
		};
		BC6939151B7A0F6B00A7F528 /* Supporting Files */ = {
			isa = PBXGroup;
			children = (
				BC6939161B7A0F6B00A7F528 /* Info.plist */,
			);
			name = "Supporting Files";
			sourceTree = "<group>";
		};
/* End PBXGroup section */

/* Begin PBXNativeTarget section */
		BC6938F41B7A0F6B00A7F528 /* HomeWork */ = {
			isa = PBXNativeTarget;
			buildConfigurationList = BC69391B1B7A0F6B00A7F528 /* Build configuration list for PBXNativeTarget "HomeWork" */;
			buildPhases = (
				BC6938F11B7A0F6B00A7F528 /* Sources */,
				BC6938F21B7A0F6B00A7F528 /* Frameworks */,
				BC6938F31B7A0F6B00A7F528 /* Resources */,
			);
			buildRules = (
			);
			dependencies = (
			);
			name = HomeWork;
			productName = HomeWork;
			productReference = BC6938F51B7A0F6B00A7F528 /* HomeWork.app */;
			productType = "com.apple.product-type.application";
		};
		BC6939101B7A0F6B00A7F528 /* HomeWorkTests */ = {
			isa = PBXNativeTarget;
			buildConfigurationList = BC69391E1B7A0F6B00A7F528 /* Build configuration list for PBXNativeTarget "HomeWorkTests" */;
			buildPhases = (
				BC69390D1B7A0F6B00A7F528 /* Sources */,
				BC69390E1B7A0F6B00A7F528 /* Frameworks */,
				BC69390F1B7A0F6B00A7F528 /* Resources */,
			);
			buildRules = (
			);
			dependencies = (
				BC6939131B7A0F6B00A7F528 /* PBXTargetDependency */,
			);
			name = HomeWorkTests;
			productName = HomeWorkTests;
			productReference = BC6939111B7A0F6B00A7F528 /* HomeWorkTests.xctest */;
			productType = "com.apple.product-type.bundle.unit-test";
		};
/* End PBXNativeTarget section */

/* Begin PBXProject section */
		BC6938ED1B7A0F6B00A7F528 /* Project object */ = {
			isa = PBXProject;
			attributes = {
				LastUpgradeCheck = 0630;
				ORGANIZATIONNAME = ZW;
				TargetAttributes = {
					BC6938F41B7A0F6B00A7F528 = {
						CreatedOnToolsVersion = 6.3;
					};
					BC6939101B7A0F6B00A7F528 = {
						CreatedOnToolsVersion = 6.3;
						TestTargetID = BC6938F41B7A0F6B00A7F528;
					};
				};
			};
			buildConfigurationList = BC6938F01B7A0F6B00A7F528 /* Build configuration list for PBXProject "HomeWork" */;
			compatibilityVersion = "Xcode 3.2";
			developmentRegion = English;
			hasScannedForEncodings = 0;
			knownRegions = (
				en,
				Base,
			);
			mainGroup = BC6938EC1B7A0F6B00A7F528;
			productRefGroup = BC6938F61B7A0F6B00A7F528 /* Products */;
			projectDirPath = "";
			projectRoot = "";
			targets = (
				BC6938F41B7A0F6B00A7F528 /* HomeWork */,
				BC6939101B7A0F6B00A7F528 /* HomeWorkTests */,
			);
		};
/* End PBXProject section */

/* Begin PBXResourcesBuildPhase section */
		BC6938F31B7A0F6B00A7F528 /* Resources */ = {
			isa = PBXResourcesBuildPhase;
			buildActionMask = 2147483647;
			files = (
				BC6939071B7A0F6B00A7F528 /* Main.storyboard in Resources */,
				BC69390C1B7A0F6B00A7F528 /* LaunchScreen.xib in Resources */,
				BC6939091B7A0F6B00A7F528 /* Images.xcassets in Resources */,
			);
			runOnlyForDeploymentPostprocessing = 0;
		};
		BC69390F1B7A0F6B00A7F528 /* Resources */ = {
			isa = PBXResourcesBuildPhase;
			buildActionMask = 2147483647;
			files = (
			);
			runOnlyForDeploymentPostprocessing = 0;
		};
/* End PBXResourcesBuildPhase section */

/* Begin PBXSourcesBuildPhase section */
		BC6938F11B7A0F6B00A7F528 /* Sources */ = {
			isa = PBXSourcesBuildPhase;
			buildActionMask = 2147483647;
			files = (
				BC6938FE1B7A0F6B00A7F528 /* AppDelegate.m in Sources */,
				BC6938FB1B7A0F6B00A7F528 /* main.m in Sources */,
				BC6939041B7A0F6B00A7F528 /* ViewController.m in Sources */,
				BC6939011B7A0F6B00A7F528 /* HomeWork.xcdatamodeld in Sources */,
			);
			runOnlyForDeploymentPostprocessing = 0;
		};
		BC69390D1B7A0F6B00A7F528 /* Sources */ = {
			isa = PBXSourcesBuildPhase;
			buildActionMask = 2147483647;
			files = (
				BC6939181B7A0F6B00A7F528 /* HomeWorkTests.m in Sources */,
			);
			runOnlyForDeploymentPostprocessing = 0;
		};
/* End PBXSourcesBuildPhase section */

/* Begin PBXTargetDependency section */
		BC6939131B7A0F6B00A7F528 /* PBXTargetDependency */ = {
			isa = PBXTargetDependency;
			target = BC6938F41B7A0F6B00A7F528 /* HomeWork */;
			targetProxy = BC6939121B7A0F6B00A7F528 /* PBXContainerItemProxy */;
		};
/* End PBXTargetDependency section */

/* Begin PBXVariantGroup section */
		BC6939051B7A0F6B00A7F528 /* Main.storyboard */ = {
			isa = PBXVariantGroup;
			children = (
				BC6939061B7A0F6B00A7F528 /* Base */,
			);
			name = Main.storyboard;
			sourceTree = "<group>";
		};
		BC69390A1B7A0F6B00A7F528 /* LaunchScreen.xib */ = {
			isa = PBXVariantGroup;
			children = (
				BC69390B1B7A0F6B00A7F528 /* Base */,
			);
			name = LaunchScreen.xib;
			sourceTree = "<group>";
		};
/* End PBXVariantGroup section */

/* Begin XCBuildConfiguration section */
		BC6939191B7A0F6B00A7F528 /* Debug */ = {
			isa = XCBuildConfiguration;
			buildSettings = {
				ALWAYS_SEARCH_USER_PATHS = NO;
				CLANG_CXX_LANGUAGE_STANDARD = "gnu++0x";
				CLANG_CXX_LIBRARY = "libc++";
				CLANG_ENABLE_MODULES = YES;
				CLANG_ENABLE_OBJC_ARC = YES;
				CLANG_WARN_BOOL_CONVERSION = YES;
				CLANG_WARN_CONSTANT_CONVERSION = YES;
				CLANG_WARN_DIRECT_OBJC_ISA_USAGE = YES_ERROR;
				CLANG_WARN_EMPTY_BODY = YES;
				CLANG_WARN_ENUM_CONVERSION = YES;
				CLANG_WARN_INT_CONVERSION = YES;
				CLANG_WARN_OBJC_ROOT_CLASS = YES_ERROR;
				CLANG_WARN_UNREACHABLE_CODE = YES;
				CLANG_WARN__DUPLICATE_METHOD_MATCH = YES;
				"CODE_SIGN_IDENTITY[sdk=iphoneos*]" = "iPhone Developer";
				COPY_PHASE_STRIP = NO;
				DEBUG_INFORMATION_FORMAT = "dwarf-with-dsym";
				ENABLE_STRICT_OBJC_MSGSEND = YES;
				GCC_C_LANGUAGE_STANDARD = gnu99;
				GCC_DYNAMIC_NO_PIC = NO;
				GCC_NO_COMMON_BLOCKS = YES;
				GCC_OPTIMIZATION_LEVEL = 0;
				GCC_PREPROCESSOR_DEFINITIONS = (
					"DEBUG=1",
					"$(inherited)",
				);
				GCC_SYMBOLS_PRIVATE_EXTERN = NO;
				GCC_WARN_64_TO_32_BIT_CONVERSION = YES;
				GCC_WARN_ABOUT_RETURN_TYPE = YES_ERROR;
				GCC_WARN_UNDECLARED_SELECTOR = YES;
				GCC_WARN_UNINITIALIZED_AUTOS = YES_AGGRESSIVE;
				GCC_WARN_UNUSED_FUNCTION = YES;
				GCC_WARN_UNUSED_VARIABLE = YES;
				IPHONEOS_DEPLOYMENT_TARGET = 8.3;
				MTL_ENABLE_DEBUG_INFO = YES;
				ONLY_ACTIVE_ARCH = YES;
				SDKROOT = iphoneos;
			};
			name = Debug;
		};
		BC69391A1B7A0F6B00A7F528 /* Release */ = {
			isa = XCBuildConfiguration;
			buildSettings = {
				ALWAYS_SEARCH_USER_PATHS = NO;
				CLANG_CXX_LANGUAGE_STANDARD = "gnu++0x";
				CLANG_CXX_LIBRARY = "libc++";
				CLANG_ENABLE_MODULES = YES;
				CLANG_ENABLE_OBJC_ARC = YES;
				CLANG_WARN_BOOL_CONVERSION = YES;
				CLANG_WARN_CONSTANT_CONVERSION = YES;
				CLANG_WARN_DIRECT_OBJC_ISA_USAGE = YES_ERROR;
				CLANG_WARN_EMPTY_BODY = YES;
				CLANG_WARN_ENUM_CONVERSION = YES;
				CLANG_WARN_INT_CONVERSION = YES;
				CLANG_WARN_OBJC_ROOT_CLASS = YES_ERROR;
				CLANG_WARN_UNREACHABLE_CODE = YES;
				CLANG_WARN__DUPLICATE_METHOD_MATCH = YES;
				"CODE_SIGN_IDENTITY[sdk=iphoneos*]" = "iPhone Developer";
				COPY_PHASE_STRIP = NO;
				DEBUG_INFORMATION_FORMAT = "dwarf-with-dsym";
				ENABLE_NS_ASSERTIONS = NO;
				ENABLE_STRICT_OBJC_MSGSEND = YES;
				GCC_C_LANGUAGE_STANDARD = gnu99;
				GCC_NO_COMMON_BLOCKS = YES;
				GCC_WARN_64_TO_32_BIT_CONVERSION = YES;
				GCC_WARN_ABOUT_RETURN_TYPE = YES_ERROR;
				GCC_WARN_UNDECLARED_SELECTOR = YES;
				GCC_WARN_UNINITIALIZED_AUTOS = YES_AGGRESSIVE;
				GCC_WARN_UNUSED_FUNCTION = YES;
				GCC_WARN_UNUSED_VARIABLE = YES;
				IPHONEOS_DEPLOYMENT_TARGET = 8.3;
				MTL_ENABLE_DEBUG_INFO = NO;
				SDKROOT = iphoneos;
				VALIDATE_PRODUCT = YES;
			};
			name = Release;
		};
		BC69391C1B7A0F6B00A7F528 /* Debug */ = {
			isa = XCBuildConfiguration;
			buildSettings = {
				ASSETCATALOG_COMPILER_APPICON_NAME = AppIcon;
				INFOPLIST_FILE = HomeWork/Info.plist;
				LD_RUNPATH_SEARCH_PATHS = "$(inherited) @executable_path/Frameworks";
				PRODUCT_NAME = "$(TARGET_NAME)";
			};
			name = Debug;
		};
		BC69391D1B7A0F6B00A7F528 /* Release */ = {
			isa = XCBuildConfiguration;
			buildSettings = {
				ASSETCATALOG_COMPILER_APPICON_NAME = AppIcon;
				INFOPLIST_FILE = HomeWork/Info.plist;
				LD_RUNPATH_SEARCH_PATHS = "$(inherited) @executable_path/Frameworks";
				PRODUCT_NAME = "$(TARGET_NAME)";
			};
			name = Release;
		};
		BC69391F1B7A0F6B00A7F528 /* Debug */ = {
			isa = XCBuildConfiguration;
			buildSettings = {
				BUNDLE_LOADER = "$(TEST_HOST)";
				FRAMEWORK_SEARCH_PATHS = (
					"$(SDKROOT)/Developer/Library/Frameworks",
					"$(inherited)",
				);
				GCC_PREPROCESSOR_DEFINITIONS = (
					"DEBUG=1",
					"$(inherited)",
				);
				INFOPLIST_FILE = HomeWorkTests/Info.plist;
				LD_RUNPATH_SEARCH_PATHS = "$(inherited) @executable_path/Frameworks @loader_path/Frameworks";
				PRODUCT_NAME = "$(TARGET_NAME)";
				TEST_HOST = "$(BUILT_PRODUCTS_DIR)/HomeWork.app/HomeWork";
			};
			name = Debug;
		};
		BC6939201B7A0F6B00A7F528 /* Release */ = {
			isa = XCBuildConfiguration;
			buildSettings = {
				BUNDLE_LOADER = "$(TEST_HOST)";
				FRAMEWORK_SEARCH_PATHS = (
					"$(SDKROOT)/Developer/Library/Frameworks",
					"$(inherited)",
				);
				INFOPLIST_FILE = HomeWorkTests/Info.plist;
				LD_RUNPATH_SEARCH_PATHS = "$(inherited) @executable_path/Frameworks @loader_path/Frameworks";
				PRODUCT_NAME = "$(TARGET_NAME)";
				TEST_HOST = "$(BUILT_PRODUCTS_DIR)/HomeWork.app/HomeWork";
			};
			name = Release;
		};
/* End XCBuildConfiguration section */

/* Begin XCConfigurationList section */
		BC6938F01B7A0F6B00A7F528 /* Build configuration list for PBXProject "HomeWork" */ = {
			isa = XCConfigurationList;
			buildConfigurations = (
				BC6939191B7A0F6B00A7F528 /* Debug */,
				BC69391A1B7A0F6B00A7F528 /* Release */,
			);
			defaultConfigurationIsVisible = 0;
			defaultConfigurationName = Release;
		};
		BC69391B1B7A0F6B00A7F528 /* Build configuration list for PBXNativeTarget "HomeWork" */ = {
			isa = XCConfigurationList;
			buildConfigurations = (
				BC69391C1B7A0F6B00A7F528 /* Debug */,
				BC69391D1B7A0F6B00A7F528 /* Release */,
			);
			defaultConfigurationIsVisible = 0;
		};
		BC69391E1B7A0F6B00A7F528 /* Build configuration list for PBXNativeTarget "HomeWorkTests" */ = {
			isa = XCConfigurationList;
			buildConfigurations = (
				BC69391F1B7A0F6B00A7F528 /* Debug */,
				BC6939201B7A0F6B00A7F528 /* Release */,
			);
			defaultConfigurationIsVisible = 0;
		};
/* End XCConfigurationList section */

/* Begin XCVersionGroup section */
		BC6938FF1B7A0F6B00A7F528 /* HomeWork.xcdatamodeld */ = {
			isa = XCVersionGroup;
			children = (
				BC6939001B7A0F6B00A7F528 /* HomeWork.xcdatamodel */,
			);
			currentVersion = BC6939001B7A0F6B00A7F528 /* HomeWork.xcdatamodel */;
			path = HomeWork.xcdatamodeld;
			sourceTree = "<group>";
			versionGroupType = wrapper.xcdatamodel;
		};
/* End XCVersionGroup section */
	};
	rootObject = BC6938ED1B7A0F6B00A7F528 /* Project object */;
}
